
Microsoft Visual Studio Solution File, Format Version 12.00
# Visual Studio 15
VisualStudioVersion = 15.0.28307.329
MinimumVisualStudioVersion = 10.0.40219.1
Project("{FAE04EC0-301F-11D3-BF4B-00C04F79EFBC}") = "Student_Portal.Android", "Student_Portal\Student_Portal.Android\Student_Portal.Android.csproj", "{16D4903C-0A1E-47C9-9EE0-75AF26E14B9A}"
EndProject
Project("{FAE04EC0-301F-11D3-BF4B-00C04F79EFBC}") = "Student_Portal.iOS", "Student_Portal\Student_Portal.iOS\Student_Portal.iOS.csproj", "{3CA19ABC-3043-498E-9CAB-DCC4A1B79D9C}"
EndProject
Project("{FAE04EC0-301F-11D3-BF4B-00C04F79EFBC}") = "Student_Portal", "Student_Portal\Student_Portal\Student_Portal.csproj", "{7E6B291C-6237-46DF-8CF8-732E02C20E4C}"
EndProject
Global
	GlobalSection(SolutionConfigurationPlatforms) = preSolution
		Ad-Hoc|Any CPU = Ad-Hoc|Any CPU
		Ad-Hoc|iPhone = Ad-Hoc|iPhone
		Ad-Hoc|iPhoneSimulator = Ad-Hoc|iPhoneSimulator
		AppStore|Any CPU = AppStore|Any CPU
		AppStore|iPhone = AppStore|iPhone
		AppStore|iPhoneSimulator = AppStore|iPhoneSimulator
		Debug|Any CPU = Debug|Any CPU
		Debug|iPhone = Debug|iPhone
		Debug|iPhoneSimulator = Debug|iPhoneSimulator
		Release|Any CPU = Release|Any CPU
		Release|iPhone = Release|iPhone
		Release|iPhoneSimulator = Release|iPhoneSimulator
	EndGlobalSection
	GlobalSection(ProjectConfigurationPlatforms) = postSolution
		{16D4903C-0A1E-47C9-9EE0-75AF26E14B9A}.Ad-Hoc|Any CPU.ActiveCfg = Release|Any CPU
		{16D4903C-0A1E-47C9-9EE0-75AF26E14B9A}.Ad-Hoc|Any CPU.Build.0 = Release|Any CPU
		{16D4903C-0A1E-47C9-9EE0-75AF26E14B9A}.Ad-Hoc|Any CPU.Deploy.0 = Release|Any CPU
		{16D4903C-0A1E-47C9-9EE0-75AF26E14B9A}.Ad-Hoc|iPhone.ActiveCfg = Release|Any CPU
		{16D4903C-0A1E-47C9-9EE0-75AF26E14B9A}.Ad-Hoc|iPhone.Build.0 = Release|Any CPU
		{16D4903C-0A1E-47C9-9EE0-75AF26E14B9A}.Ad-Hoc|iPhone.Deploy.0 = Release|Any CPU
		{16D4903C-0A1E-47C9-9EE0-75AF26E14B9A}.Ad-Hoc|iPhoneSimulator.ActiveCfg = Release|Any CPU
		{16D4903C-0A1E-47C9-9EE0-75AF26E14B9A}.Ad-Hoc|iPhoneSimulator.Build.0 = Release|Any CPU
		{16D4903C-0A1E-47C9-9EE0-75AF26E14B9A}.Ad-Hoc|iPhoneSimulator.Deploy.0 = Release|Any CPU
		{16D4903C-0A1E-47C9-9EE0-75AF26E14B9A}.AppStore|Any CPU.ActiveCfg = Release|Any CPU
		{16D4903C-0A1E-47C9-9EE0-75AF26E14B9A}.AppStore|Any CPU.Build.0 = Release|Any CPU
		{16D4903C-0A1E-47C9-9EE0-75AF26E14B9A}.AppStore|Any CPU.Deploy.0 = Release|Any CPU
		{16D4903C-0A1E-47C9-9EE0-75AF26E14B9A}.AppStore|iPhone.ActiveCfg = Release|Any CPU
		{16D4903C-0A1E-47C9-9EE0-75AF26E14B9A}.AppStore|iPhone.Build.0 = Release|Any CPU
		{16D4903C-0A1E-47C9-9EE0-75AF26E14B9A}.AppStore|iPhone.Deploy.0 = Release|Any CPU
		{16D4903C-0A1E-47C9-9EE0-75AF26E14B9A}.AppStore|iPhoneSimulator.ActiveCfg = Release|Any CPU
		{16D4903C-0A1E-47C9-9EE0-75AF26E14B9A}.AppStore|iPhoneSimulator.Build.0 = Release|Any CPU
		{16D4903C-0A1E-47C9-9EE0-75AF26E14B9A}.AppStore|iPhoneSimulator.Deploy.0 = Release|Any CPU
		{16D4903C-0A1E-47C9-9EE0-75AF26E14B9A}.Debug|Any CPU.ActiveCfg = Debug|Any CPU
		{16D4903C-0A1E-47C9-9EE0-75AF26E14B9A}.Debug|Any CPU.Build.0 = Debug|Any CPU
		{16D4903C-0A1E-47C9-9EE0-75AF26E14B9A}.Debug|Any CPU.Deploy.0 = Debug|Any CPU
		{16D4903C-0A1E-47C9-9EE0-75AF26E14B9A}.Debug|iPhone.ActiveCfg = Debug|Any CPU
		{16D4903C-0A1E-47C9-9EE0-75AF26E14B9A}.Debug|iPhone.Build.0 = Debug|Any CPU
		{16D4903C-0A1E-47C9-9EE0-75AF26E14B9A}.Debug|iPhone.Deploy.0 = Debug|Any CPU
		{16D4903C-0A1E-47C9-9EE0-75AF26E14B9A}.Debug|iPhoneSimulator.ActiveCfg = Debug|Any CPU
		{16D4903C-0A1E-47C9-9EE0-75AF26E14B9A}.Debug|iPhoneSimulator.Build.0 = Debug|Any CPU
		{16D4903C-0A1E-47C9-9EE0-75AF26E14B9A}.Debug|iPhoneSimulator.Deploy.0 = Debug|Any CPU
		{16D4903C-0A1E-47C9-9EE0-75AF26E14B9A}.Release|Any CPU.ActiveCfg = Release|Any CPU
		{16D4903C-0A1E-47C9-9EE0-75AF26E14B9A}.Release|Any CPU.Build.0 = Release|Any CPU
		{16D4903C-0A1E-47C9-9EE0-75AF26E14B9A}.Release|Any CPU.Deploy.0 = Release|Any CPU
		{16D4903C-0A1E-47C9-9EE0-75AF26E14B9A}.Release|iPhone.ActiveCfg = Release|Any CPU
		{16D4903C-0A1E-47C9-9EE0-75AF26E14B9A}.Release|iPhone.Build.0 = Release|Any CPU
		{16D4903C-0A1E-47C9-9EE0-75AF26E14B9A}.Release|iPhone.Deploy.0 = Release|Any CPU
		{16D4903C-0A1E-47C9-9EE0-75AF26E14B9A}.Release|iPhoneSimulator.ActiveCfg = Release|Any CPU
		{16D4903C-0A1E-47C9-9EE0-75AF26E14B9A}.Release|iPhoneSimulator.Build.0 = Release|Any CPU
		{16D4903C-0A1E-47C9-9EE0-75AF26E14B9A}.Release|iPhoneSimulator.Deploy.0 = Release|Any CPU
		{3CA19ABC-3043-498E-9CAB-DCC4A1B79D9C}.Ad-Hoc|Any CPU.ActiveCfg = Ad-Hoc|iPhone
		{3CA19ABC-3043-498E-9CAB-DCC4A1B79D9C}.Ad-Hoc|Any CPU.Build.0 = Ad-Hoc|iPhone
		{3CA19ABC-3043-498E-9CAB-DCC4A1B79D9C}.Ad-Hoc|Any CPU.Deploy.0 = Ad-Hoc|iPhone
		{3CA19ABC-3043-498E-9CAB-DCC4A1B79D9C}.Ad-Hoc|iPhone.ActiveCfg = Ad-Hoc|iPhone
		{3CA19ABC-3043-498E-9CAB-DCC4A1B79D9C}.Ad-Hoc|iPhone.Build.0 = Ad-Hoc|iPhone
		{3CA19ABC-3043-498E-9CAB-DCC4A1B79D9C}.Ad-Hoc|iPhone.Deploy.0 = Ad-Hoc|iPhone
		{3CA19ABC-3043-498E-9CAB-DCC4A1B79D9C}.Ad-Hoc|iPhoneSimulator.ActiveCfg = Ad-Hoc|iPhoneSimulator
		{3CA19ABC-3043-498E-9CAB-DCC4A1B79D9C}.Ad-Hoc|iPhoneSimulator.Build.0 = Ad-Hoc|iPhoneSimulator
		{3CA19ABC-3043-498E-9CAB-DCC4A1B79D9C}.Ad-Hoc|iPhoneSimulator.Deploy.0 = Ad-Hoc|iPhoneSimulator
		{3CA19ABC-3043-498E-9CAB-DCC4A1B79D9C}.AppStore|Any CPU.ActiveCfg = AppStore|iPhone
		{3CA19ABC-3043-498E-9CAB-DCC4A1B79D9C}.AppStore|Any CPU.Build.0 = AppStore|iPhone
		{3CA19ABC-3043-498E-9CAB-DCC4A1B79D9C}.AppStore|Any CPU.Deploy.0 = AppStore|iPhone
		{3CA19ABC-3043-498E-9CAB-DCC4A1B79D9C}.AppStore|iPhone.ActiveCfg = AppStore|iPhone
		{3CA19ABC-3043-498E-9CAB-DCC4A1B79D9C}.AppStore|iPhone.Build.0 = AppStore|iPhone
		{3CA19ABC-3043-498E-9CAB-DCC4A1B79D9C}.AppStore|iPhone.Deploy.0 = AppStore|iPhone
		{3CA19ABC-3043-498E-9CAB-DCC4A1B79D9C}.AppStore|iPhoneSimulator.ActiveCfg = AppStore|iPhoneSimulator
		{3CA19ABC-3043-498E-9CAB-DCC4A1B79D9C}.AppStore|iPhoneSimulator.Build.0 = AppStore|iPhoneSimulator
		{3CA19ABC-3043-498E-9CAB-DCC4A1B79D9C}.AppStore|iPhoneSimulator.Deploy.0 = AppStore|iPhoneSimulator
		{3CA19ABC-3043-498E-9CAB-DCC4A1B79D9C}.Debug|Any CPU.ActiveCfg = Debug|iPhoneSimulator
		{3CA19ABC-3043-498E-9CAB-DCC4A1B79D9C}.Debug|Any CPU.Build.0 = Debug|iPhoneSimulator
		{3CA19ABC-3043-498E-9CAB-DCC4A1B79D9C}.Debug|Any CPU.Deploy.0 = Debug|iPhoneSimulator
		{3CA19ABC-3043-498E-9CAB-DCC4A1B79D9C}.Debug|iPhone.ActiveCfg = Debug|iPhone
		{3CA19ABC-3043-498E-9CAB-DCC4A1B79D9C}.Debug|iPhone.Build.0 = Debug|iPhone
		{3CA19ABC-3043-498E-9CAB-DCC4A1B79D9C}.Debug|iPhone.Deploy.0 = Debug|iPhone
		{3CA19ABC-3043-498E-9CAB-DCC4A1B79D9C}.Debug|iPhoneSimulator.ActiveCfg = Debug|iPhoneSimulator
		{3CA19ABC-3043-498E-9CAB-DCC4A1B79D9C}.Debug|iPhoneSimulator.Build.0 = Debug|iPhoneSimulator
		{3CA19ABC-3043-498E-9CAB-DCC4A1B79D9C}.Debug|iPhoneSimulator.Deploy.0 = Debug|iPhoneSimulator
		{3CA19ABC-3043-498E-9CAB-DCC4A1B79D9C}.Release|Any CPU.ActiveCfg = Release|iPhone
		{3CA19ABC-3043-498E-9CAB-DCC4A1B79D9C}.Release|Any CPU.Build.0 = Release|iPhone
		{3CA19ABC-3043-498E-9CAB-DCC4A1B79D9C}.Release|Any CPU.Deploy.0 = Release|iPhone
		{3CA19ABC-3043-498E-9CAB-DCC4A1B79D9C}.Release|iPhone.ActiveCfg = Release|iPhone
		{3CA19ABC-3043-498E-9CAB-DCC4A1B79D9C}.Release|iPhone.Build.0 = Release|iPhone
		{3CA19ABC-3043-498E-9CAB-DCC4A1B79D9C}.Release|iPhone.Deploy.0 = Release|iPhone
		{3CA19ABC-3043-498E-9CAB-DCC4A1B79D9C}.Release|iPhoneSimulator.ActiveCfg = Release|iPhoneSimulator
		{3CA19ABC-3043-498E-9CAB-DCC4A1B79D9C}.Release|iPhoneSimulator.Build.0 = Release|iPhoneSimulator
		{3CA19ABC-3043-498E-9CAB-DCC4A1B79D9C}.Release|iPhoneSimulator.Deploy.0 = Release|iPhoneSimulator
		{7E6B291C-6237-46DF-8CF8-732E02C20E4C}.Ad-Hoc|Any CPU.ActiveCfg = Debug|Any CPU
		{7E6B291C-6237-46DF-8CF8-732E02C20E4C}.Ad-Hoc|Any CPU.Build.0 = Debug|Any CPU
		{7E6B291C-6237-46DF-8CF8-732E02C20E4C}.Ad-Hoc|Any CPU.Deploy.0 = Debug|Any CPU
		{7E6B291C-6237-46DF-8CF8-732E02C20E4C}.Ad-Hoc|iPhone.ActiveCfg = Debug|Any CPU
		{7E6B291C-6237-46DF-8CF8-732E02C20E4C}.Ad-Hoc|iPhone.Build.0 = Debug|Any CPU
		{7E6B291C-6237-46DF-8CF8-732E02C20E4C}.Ad-Hoc|iPhone.Deploy.0 = Debug|Any CPU
		{7E6B291C-6237-46DF-8CF8-732E02C20E4C}.Ad-Hoc|iPhoneSimulator.ActiveCfg = Debug|Any CPU
		{7E6B291C-6237-46DF-8CF8-732E02C20E4C}.Ad-Hoc|iPhoneSimulator.Build.0 = Debug|Any CPU
		{7E6B291C-6237-46DF-8CF8-732E02C20E4C}.Ad-Hoc|iPhoneSimulator.Deploy.0 = Debug|Any CPU
		{7E6B291C-6237-46DF-8CF8-732E02C20E4C}.AppStore|Any CPU.ActiveCfg = Debug|Any CPU
		{7E6B291C-6237-46DF-8CF8-732E02C20E4C}.AppStore|Any CPU.Build.0 = Debug|Any CPU
		{7E6B291C-6237-46DF-8CF8-732E02C20E4C}.AppStore|Any CPU.Deploy.0 = Debug|Any CPU
		{7E6B291C-6237-46DF-8CF8-732E02C20E4C}.AppStore|iPhone.ActiveCfg = Debug|Any CPU
		{7E6B291C-6237-46DF-8CF8-732E02C20E4C}.AppStore|iPhone.Build.0 = Debug|Any CPU
		{7E6B291C-6237-46DF-8CF8-732E02C20E4C}.AppStore|iPhone.Deploy.0 = Debug|Any CPU
		{7E6B291C-6237-46DF-8CF8-732E02C20E4C}.AppStore|iPhoneSimulator.ActiveCfg = Debug|Any CPU
		{7E6B291C-6237-46DF-8CF8-732E02C20E4C}.AppStore|iPhoneSimulator.Build.0 = Debug|Any CPU
		{7E6B291C-6237-46DF-8CF8-732E02C20E4C}.AppStore|iPhoneSimulator.Deploy.0 = Debug|Any CPU
		{7E6B291C-6237-46DF-8CF8-732E02C20E4C}.Debug|Any CPU.ActiveCfg = Debug|Any CPU
		{7E6B291C-6237-46DF-8CF8-732E02C20E4C}.Debug|Any CPU.Build.0 = Debug|Any CPU
		{7E6B291C-6237-46DF-8CF8-732E02C20E4C}.Debug|Any CPU.Deploy.0 = Debug|Any CPU
		{7E6B291C-6237-46DF-8CF8-732E02C20E4C}.Debug|iPhone.ActiveCfg = Debug|Any CPU
		{7E6B291C-6237-46DF-8CF8-732E02C20E4C}.Debug|iPhone.Build.0 = Debug|Any CPU
		{7E6B291C-6237-46DF-8CF8-732E02C20E4C}.Debug|iPhone.Deploy.0 = Debug|Any CPU
		{7E6B291C-6237-46DF-8CF8-732E02C20E4C}.Debug|iPhoneSimulator.ActiveCfg = Debug|Any CPU
		{7E6B291C-6237-46DF-8CF8-732E02C20E4C}.Debug|iPhoneSimulator.Build.0 = Debug|Any CPU
		{7E6B291C-6237-46DF-8CF8-732E02C20E4C}.Debug|iPhoneSimulator.Deploy.0 = Debug|Any CPU
		{7E6B291C-6237-46DF-8CF8-732E02C20E4C}.Release|Any CPU.ActiveCfg = Release|Any CPU
		{7E6B291C-6237-46DF-8CF8-732E02C20E4C}.Release|Any CPU.Build.0 = Release|Any CPU
		{7E6B291C-6237-46DF-8CF8-732E02C20E4C}.Release|Any CPU.Deploy.0 = Release|Any CPU
		{7E6B291C-6237-46DF-8CF8-732E02C20E4C}.Release|iPhone.ActiveCfg = Release|Any CPU
		{7E6B291C-6237-46DF-8CF8-732E02C20E4C}.Release|iPhone.Build.0 = Release|Any CPU
		{7E6B291C-6237-46DF-8CF8-732E02C20E4C}.Release|iPhone.Deploy.0 = Release|Any CPU
		{7E6B291C-6237-46DF-8CF8-732E02C20E4C}.Release|iPhoneSimulator.ActiveCfg = Release|Any CPU
		{7E6B291C-6237-46DF-8CF8-732E02C20E4C}.Release|iPhoneSimulator.Build.0 = Release|Any CPU
		{7E6B291C-6237-46DF-8CF8-732E02C20E4C}.Release|iPhoneSimulator.Deploy.0 = Release|Any CPU
	EndGlobalSection
	GlobalSection(SolutionProperties) = preSolution
		HideSolutionNode = FALSE
	EndGlobalSection
	GlobalSection(ExtensibilityGlobals) = postSolution
		SolutionGuid = {6E135DF3-E38A-417E-A931-E3B93F994C07}
	EndGlobalSection
EndGlobal
